
Microsoft Visual Studio Solution File, Format Version 10.00
# Visual C++ Express 2008
Project("{8BC9CEB8-8B4A-11D0-8D11-00A0C91BC942}") = "blender-hkx", "blender-hkx\blender-hkx.vcproj", "{2A0D113B-20F4-46F1-8F07-E349091D75DD}"
EndProject
Global
	GlobalSection(SolutionConfigurationPlatforms) = preSolution
		Debug|Win32 = Debug|Win32
		Release|Win32 = Release|Win32
	EndGlobalSection
	GlobalSection(ProjectConfigurationPlatforms) = postSolution
		{2A0D113B-20F4-46F1-8F07-E349091D75DD}.Debug|Win32.ActiveCfg = Debug|Win32
		{2A0D113B-20F4-46F1-8F07-E349091D75DD}.Debug|Win32.Build.0 = Debug|Win32
		{2A0D113B-20F4-46F1-8F07-E349091D75DD}.Release|Win32.ActiveCfg = Release|Win32
		{2A0D113B-20F4-46F1-8F07-E349091D75DD}.Release|Win32.Build.0 = Release|Win32
	EndGlobalSection
	GlobalSection(SolutionProperties) = preSolution
		HideSolutionNode = FALSE
	EndGlobalSection
EndGlobal
